
Microsoft Visual Studio Solution File, Format Version 12.00
# Visual Studio Version 17
VisualStudioVersion = 17.1.32407.343
MinimumVisualStudioVersion = 10.0.40219.1
Project("{FAE04EC0-301F-11D3-BF4B-00C04F79EFBC}") = "Exercicio2", "Exercicio2.csproj", "{C8EAF76B-AD4E-4A68-84F5-B99AD80B4EAB}"
EndProject
Global
	GlobalSection(SolutionConfigurationPlatforms) = preSolution
		Debug|Any CPU = Debug|Any CPU
		Release|Any CPU = Release|Any CPU
	EndGlobalSection
	GlobalSection(ProjectConfigurationPlatforms) = postSolution
		{C8EAF76B-AD4E-4A68-84F5-B99AD80B4EAB}.Debug|Any CPU.ActiveCfg = Debug|Any CPU
		{C8EAF76B-AD4E-4A68-84F5-B99AD80B4EAB}.Debug|Any CPU.Build.0 = Debug|Any CPU
		{C8EAF76B-AD4E-4A68-84F5-B99AD80B4EAB}.Release|Any CPU.ActiveCfg = Release|Any CPU
		{C8EAF76B-AD4E-4A68-84F5-B99AD80B4EAB}.Release|Any CPU.Build.0 = Release|Any CPU
	EndGlobalSection
	GlobalSection(SolutionProperties) = preSolution
		HideSolutionNode = FALSE
	EndGlobalSection
	GlobalSection(ExtensibilityGlobals) = postSolution
		SolutionGuid = {6811FCC4-BE55-4E83-A52E-860F2E3156E9}
	EndGlobalSection
EndGlobal
