
Microsoft Visual Studio Solution File, Format Version 12.00
# Visual Studio Version 17
VisualStudioVersion = 17.1.32407.343
MinimumVisualStudioVersion = 10.0.40219.1
Project("{FAE04EC0-301F-11D3-BF4B-00C04F79EFBC}") = "Exercicio3", "Exercicio3.csproj", "{B303EE58-DBD6-42B6-8612-3D4B02843E4B}"
EndProject
Global
	GlobalSection(SolutionConfigurationPlatforms) = preSolution
		Debug|Any CPU = Debug|Any CPU
		Release|Any CPU = Release|Any CPU
	EndGlobalSection
	GlobalSection(ProjectConfigurationPlatforms) = postSolution
		{B303EE58-DBD6-42B6-8612-3D4B02843E4B}.Debug|Any CPU.ActiveCfg = Debug|Any CPU
		{B303EE58-DBD6-42B6-8612-3D4B02843E4B}.Debug|Any CPU.Build.0 = Debug|Any CPU
		{B303EE58-DBD6-42B6-8612-3D4B02843E4B}.Release|Any CPU.ActiveCfg = Release|Any CPU
		{B303EE58-DBD6-42B6-8612-3D4B02843E4B}.Release|Any CPU.Build.0 = Release|Any CPU
	EndGlobalSection
	GlobalSection(SolutionProperties) = preSolution
		HideSolutionNode = FALSE
	EndGlobalSection
	GlobalSection(ExtensibilityGlobals) = postSolution
		SolutionGuid = {ED48CC38-FA00-459F-AB26-1A32D2B9F165}
	EndGlobalSection
EndGlobal
