
Microsoft Visual Studio Solution File, Format Version 12.00
# Visual Studio Version 17
VisualStudioVersion = 17.1.32407.343
MinimumVisualStudioVersion = 10.0.40219.1
Project("{FAE04EC0-301F-11D3-BF4B-00C04F79EFBC}") = "Exercicio7", "Exercicio7.csproj", "{1886E9AD-C8B8-46EC-8E33-803704783024}"
EndProject
Global
	GlobalSection(SolutionConfigurationPlatforms) = preSolution
		Debug|Any CPU = Debug|Any CPU
		Release|Any CPU = Release|Any CPU
	EndGlobalSection
	GlobalSection(ProjectConfigurationPlatforms) = postSolution
		{1886E9AD-C8B8-46EC-8E33-803704783024}.Debug|Any CPU.ActiveCfg = Debug|Any CPU
		{1886E9AD-C8B8-46EC-8E33-803704783024}.Debug|Any CPU.Build.0 = Debug|Any CPU
		{1886E9AD-C8B8-46EC-8E33-803704783024}.Release|Any CPU.ActiveCfg = Release|Any CPU
		{1886E9AD-C8B8-46EC-8E33-803704783024}.Release|Any CPU.Build.0 = Release|Any CPU
	EndGlobalSection
	GlobalSection(SolutionProperties) = preSolution
		HideSolutionNode = FALSE
	EndGlobalSection
	GlobalSection(ExtensibilityGlobals) = postSolution
		SolutionGuid = {CA2CA2CB-12AC-459E-A0D0-971E8B354057}
	EndGlobalSection
EndGlobal
