
Microsoft Visual Studio Solution File, Format Version 12.00
# Visual Studio Version 17
VisualStudioVersion = 17.1.32407.343
MinimumVisualStudioVersion = 10.0.40219.1
Project("{FAE04EC0-301F-11D3-BF4B-00C04F79EFBC}") = "Exercicio4", "Exercicio4.csproj", "{A6228C34-2A86-400E-9C5D-CF37E29C833A}"
EndProject
Global
	GlobalSection(SolutionConfigurationPlatforms) = preSolution
		Debug|Any CPU = Debug|Any CPU
		Release|Any CPU = Release|Any CPU
	EndGlobalSection
	GlobalSection(ProjectConfigurationPlatforms) = postSolution
		{A6228C34-2A86-400E-9C5D-CF37E29C833A}.Debug|Any CPU.ActiveCfg = Debug|Any CPU
		{A6228C34-2A86-400E-9C5D-CF37E29C833A}.Debug|Any CPU.Build.0 = Debug|Any CPU
		{A6228C34-2A86-400E-9C5D-CF37E29C833A}.Release|Any CPU.ActiveCfg = Release|Any CPU
		{A6228C34-2A86-400E-9C5D-CF37E29C833A}.Release|Any CPU.Build.0 = Release|Any CPU
	EndGlobalSection
	GlobalSection(SolutionProperties) = preSolution
		HideSolutionNode = FALSE
	EndGlobalSection
	GlobalSection(ExtensibilityGlobals) = postSolution
		SolutionGuid = {DDB0E177-6691-4439-9C1B-676E46C842D4}
	EndGlobalSection
EndGlobal
