
Microsoft Visual Studio Solution File, Format Version 12.00
# Visual Studio Version 17
VisualStudioVersion = 17.1.32407.343
MinimumVisualStudioVersion = 10.0.40219.1
Project("{FAE04EC0-301F-11D3-BF4B-00C04F79EFBC}") = "Exercicio9", "Exercicio9.csproj", "{4DB66F53-5ACD-4536-8572-3D0243E88F06}"
EndProject
Global
	GlobalSection(SolutionConfigurationPlatforms) = preSolution
		Debug|Any CPU = Debug|Any CPU
		Release|Any CPU = Release|Any CPU
	EndGlobalSection
	GlobalSection(ProjectConfigurationPlatforms) = postSolution
		{4DB66F53-5ACD-4536-8572-3D0243E88F06}.Debug|Any CPU.ActiveCfg = Debug|Any CPU
		{4DB66F53-5ACD-4536-8572-3D0243E88F06}.Debug|Any CPU.Build.0 = Debug|Any CPU
		{4DB66F53-5ACD-4536-8572-3D0243E88F06}.Release|Any CPU.ActiveCfg = Release|Any CPU
		{4DB66F53-5ACD-4536-8572-3D0243E88F06}.Release|Any CPU.Build.0 = Release|Any CPU
	EndGlobalSection
	GlobalSection(SolutionProperties) = preSolution
		HideSolutionNode = FALSE
	EndGlobalSection
	GlobalSection(ExtensibilityGlobals) = postSolution
		SolutionGuid = {F01D0A17-8ED6-464B-A25D-888155D6D771}
	EndGlobalSection
EndGlobal
