
Microsoft Visual Studio Solution File, Format Version 12.00
# Visual Studio Version 17
VisualStudioVersion = 17.1.32407.343
MinimumVisualStudioVersion = 10.0.40219.1
Project("{FAE04EC0-301F-11D3-BF4B-00C04F79EFBC}") = "Exercicio7", "Exercicio7.csproj", "{363F40F2-348B-45E3-B647-AD2D57F699F9}"
EndProject
Global
	GlobalSection(SolutionConfigurationPlatforms) = preSolution
		Debug|Any CPU = Debug|Any CPU
		Release|Any CPU = Release|Any CPU
	EndGlobalSection
	GlobalSection(ProjectConfigurationPlatforms) = postSolution
		{363F40F2-348B-45E3-B647-AD2D57F699F9}.Debug|Any CPU.ActiveCfg = Debug|Any CPU
		{363F40F2-348B-45E3-B647-AD2D57F699F9}.Debug|Any CPU.Build.0 = Debug|Any CPU
		{363F40F2-348B-45E3-B647-AD2D57F699F9}.Release|Any CPU.ActiveCfg = Release|Any CPU
		{363F40F2-348B-45E3-B647-AD2D57F699F9}.Release|Any CPU.Build.0 = Release|Any CPU
	EndGlobalSection
	GlobalSection(SolutionProperties) = preSolution
		HideSolutionNode = FALSE
	EndGlobalSection
	GlobalSection(ExtensibilityGlobals) = postSolution
		SolutionGuid = {6D151FBE-BED7-4EA8-A68A-1475DC76A668}
	EndGlobalSection
EndGlobal
