
Microsoft Visual Studio Solution File, Format Version 12.00
# Visual Studio Version 17
VisualStudioVersion = 17.1.32407.343
MinimumVisualStudioVersion = 10.0.40219.1
Project("{FAE04EC0-301F-11D3-BF4B-00C04F79EFBC}") = "Exercicio17", "Exercicio17.csproj", "{8E5207E3-A667-4696-8297-2BF204AAA7D2}"
EndProject
Global
	GlobalSection(SolutionConfigurationPlatforms) = preSolution
		Debug|Any CPU = Debug|Any CPU
		Release|Any CPU = Release|Any CPU
	EndGlobalSection
	GlobalSection(ProjectConfigurationPlatforms) = postSolution
		{8E5207E3-A667-4696-8297-2BF204AAA7D2}.Debug|Any CPU.ActiveCfg = Debug|Any CPU
		{8E5207E3-A667-4696-8297-2BF204AAA7D2}.Debug|Any CPU.Build.0 = Debug|Any CPU
		{8E5207E3-A667-4696-8297-2BF204AAA7D2}.Release|Any CPU.ActiveCfg = Release|Any CPU
		{8E5207E3-A667-4696-8297-2BF204AAA7D2}.Release|Any CPU.Build.0 = Release|Any CPU
	EndGlobalSection
	GlobalSection(SolutionProperties) = preSolution
		HideSolutionNode = FALSE
	EndGlobalSection
	GlobalSection(ExtensibilityGlobals) = postSolution
		SolutionGuid = {E9162CC3-5C4C-461B-9041-DA162CFE45A2}
	EndGlobalSection
EndGlobal
