
Microsoft Visual Studio Solution File, Format Version 12.00
# Visual Studio Version 17
VisualStudioVersion = 17.1.32407.343
MinimumVisualStudioVersion = 10.0.40219.1
Project("{FAE04EC0-301F-11D3-BF4B-00C04F79EFBC}") = "Exercicio18", "Exercicio18.csproj", "{0F41929F-F79A-4064-90DC-1AFA203A8544}"
EndProject
Global
	GlobalSection(SolutionConfigurationPlatforms) = preSolution
		Debug|Any CPU = Debug|Any CPU
		Release|Any CPU = Release|Any CPU
	EndGlobalSection
	GlobalSection(ProjectConfigurationPlatforms) = postSolution
		{0F41929F-F79A-4064-90DC-1AFA203A8544}.Debug|Any CPU.ActiveCfg = Debug|Any CPU
		{0F41929F-F79A-4064-90DC-1AFA203A8544}.Debug|Any CPU.Build.0 = Debug|Any CPU
		{0F41929F-F79A-4064-90DC-1AFA203A8544}.Release|Any CPU.ActiveCfg = Release|Any CPU
		{0F41929F-F79A-4064-90DC-1AFA203A8544}.Release|Any CPU.Build.0 = Release|Any CPU
	EndGlobalSection
	GlobalSection(SolutionProperties) = preSolution
		HideSolutionNode = FALSE
	EndGlobalSection
	GlobalSection(ExtensibilityGlobals) = postSolution
		SolutionGuid = {1E25BD0E-CBB2-4685-84EF-CAD4AD86D123}
	EndGlobalSection
EndGlobal
