
Microsoft Visual Studio Solution File, Format Version 12.00
# Visual Studio Version 17
VisualStudioVersion = 17.1.32407.343
MinimumVisualStudioVersion = 10.0.40219.1
Project("{FAE04EC0-301F-11D3-BF4B-00C04F79EFBC}") = "Exercicio14", "Exercicio14.csproj", "{FB8C6E74-604F-483D-9BF4-725BC6C1AFCF}"
EndProject
Global
	GlobalSection(SolutionConfigurationPlatforms) = preSolution
		Debug|Any CPU = Debug|Any CPU
		Release|Any CPU = Release|Any CPU
	EndGlobalSection
	GlobalSection(ProjectConfigurationPlatforms) = postSolution
		{FB8C6E74-604F-483D-9BF4-725BC6C1AFCF}.Debug|Any CPU.ActiveCfg = Debug|Any CPU
		{FB8C6E74-604F-483D-9BF4-725BC6C1AFCF}.Debug|Any CPU.Build.0 = Debug|Any CPU
		{FB8C6E74-604F-483D-9BF4-725BC6C1AFCF}.Release|Any CPU.ActiveCfg = Release|Any CPU
		{FB8C6E74-604F-483D-9BF4-725BC6C1AFCF}.Release|Any CPU.Build.0 = Release|Any CPU
	EndGlobalSection
	GlobalSection(SolutionProperties) = preSolution
		HideSolutionNode = FALSE
	EndGlobalSection
	GlobalSection(ExtensibilityGlobals) = postSolution
		SolutionGuid = {A2559534-AF02-4402-961B-CE5D0F1DAA55}
	EndGlobalSection
EndGlobal
