
Microsoft Visual Studio Solution File, Format Version 12.00
# Visual Studio Version 17
VisualStudioVersion = 17.1.32407.343
MinimumVisualStudioVersion = 10.0.40219.1
Project("{FAE04EC0-301F-11D3-BF4B-00C04F79EFBC}") = "Exercicio1", "Exercicio1.csproj", "{6E32D28B-57DB-4B9E-A2F6-1784BFC0451A}"
EndProject
Global
	GlobalSection(SolutionConfigurationPlatforms) = preSolution
		Debug|Any CPU = Debug|Any CPU
		Release|Any CPU = Release|Any CPU
	EndGlobalSection
	GlobalSection(ProjectConfigurationPlatforms) = postSolution
		{6E32D28B-57DB-4B9E-A2F6-1784BFC0451A}.Debug|Any CPU.ActiveCfg = Debug|Any CPU
		{6E32D28B-57DB-4B9E-A2F6-1784BFC0451A}.Debug|Any CPU.Build.0 = Debug|Any CPU
		{6E32D28B-57DB-4B9E-A2F6-1784BFC0451A}.Release|Any CPU.ActiveCfg = Release|Any CPU
		{6E32D28B-57DB-4B9E-A2F6-1784BFC0451A}.Release|Any CPU.Build.0 = Release|Any CPU
	EndGlobalSection
	GlobalSection(SolutionProperties) = preSolution
		HideSolutionNode = FALSE
	EndGlobalSection
	GlobalSection(ExtensibilityGlobals) = postSolution
		SolutionGuid = {1C887DC7-68FB-4CDB-BC19-02818AF0FF12}
	EndGlobalSection
EndGlobal
