
Microsoft Visual Studio Solution File, Format Version 12.00
# Visual Studio Version 17
VisualStudioVersion = 17.1.32407.343
MinimumVisualStudioVersion = 10.0.40219.1
Project("{FAE04EC0-301F-11D3-BF4B-00C04F79EFBC}") = "Exercicio1", "Exercicio1.csproj", "{16629C4B-B7CA-45F9-B7B9-516AAB1E573F}"
EndProject
Global
	GlobalSection(SolutionConfigurationPlatforms) = preSolution
		Debug|Any CPU = Debug|Any CPU
		Release|Any CPU = Release|Any CPU
	EndGlobalSection
	GlobalSection(ProjectConfigurationPlatforms) = postSolution
		{16629C4B-B7CA-45F9-B7B9-516AAB1E573F}.Debug|Any CPU.ActiveCfg = Debug|Any CPU
		{16629C4B-B7CA-45F9-B7B9-516AAB1E573F}.Debug|Any CPU.Build.0 = Debug|Any CPU
		{16629C4B-B7CA-45F9-B7B9-516AAB1E573F}.Release|Any CPU.ActiveCfg = Release|Any CPU
		{16629C4B-B7CA-45F9-B7B9-516AAB1E573F}.Release|Any CPU.Build.0 = Release|Any CPU
	EndGlobalSection
	GlobalSection(SolutionProperties) = preSolution
		HideSolutionNode = FALSE
	EndGlobalSection
	GlobalSection(ExtensibilityGlobals) = postSolution
		SolutionGuid = {FA3198AD-8EF7-4AC3-996F-56F5FD6F42CE}
	EndGlobalSection
EndGlobal
