
Microsoft Visual Studio Solution File, Format Version 12.00
# Visual Studio Version 17
VisualStudioVersion = 17.1.32407.343
MinimumVisualStudioVersion = 10.0.40219.1
Project("{FAE04EC0-301F-11D3-BF4B-00C04F79EFBC}") = "Exercicio20", "Exercicio20.csproj", "{21664925-3ABD-4158-AF32-850C4E62AB7D}"
EndProject
Global
	GlobalSection(SolutionConfigurationPlatforms) = preSolution
		Debug|Any CPU = Debug|Any CPU
		Release|Any CPU = Release|Any CPU
	EndGlobalSection
	GlobalSection(ProjectConfigurationPlatforms) = postSolution
		{21664925-3ABD-4158-AF32-850C4E62AB7D}.Debug|Any CPU.ActiveCfg = Debug|Any CPU
		{21664925-3ABD-4158-AF32-850C4E62AB7D}.Debug|Any CPU.Build.0 = Debug|Any CPU
		{21664925-3ABD-4158-AF32-850C4E62AB7D}.Release|Any CPU.ActiveCfg = Release|Any CPU
		{21664925-3ABD-4158-AF32-850C4E62AB7D}.Release|Any CPU.Build.0 = Release|Any CPU
	EndGlobalSection
	GlobalSection(SolutionProperties) = preSolution
		HideSolutionNode = FALSE
	EndGlobalSection
	GlobalSection(ExtensibilityGlobals) = postSolution
		SolutionGuid = {70A6F19D-12EF-4846-B058-85F29545D34D}
	EndGlobalSection
EndGlobal
